
Microsoft Visual Studio Solution File, Format Version 12.00
# Visual Studio Version 17
VisualStudioVersion = 17.13.35825.156 d17.13
MinimumVisualStudioVersion = 10.0.40219.1
Project("{FAE04EC0-301F-11D3-BF4B-00C04F79EFBC}") = "APLICACION01", "APLICACION01\APLICACION01.csproj", "{C8CDFB7B-CE34-4B6F-94D6-C618440E9897}"
EndProject
Global
	GlobalSection(SolutionConfigurationPlatforms) = preSolution
		Debug|Any CPU = Debug|Any CPU
		Release|Any CPU = Release|Any CPU
	EndGlobalSection
	GlobalSection(ProjectConfigurationPlatforms) = postSolution
		{C8CDFB7B-CE34-4B6F-94D6-C618440E9897}.Debug|Any CPU.ActiveCfg = Debug|Any CPU
		{C8CDFB7B-CE34-4B6F-94D6-C618440E9897}.Debug|Any CPU.Build.0 = Debug|Any CPU
		{C8CDFB7B-CE34-4B6F-94D6-C618440E9897}.Release|Any CPU.ActiveCfg = Release|Any CPU
		{C8CDFB7B-CE34-4B6F-94D6-C618440E9897}.Release|Any CPU.Build.0 = Release|Any CPU
	EndGlobalSection
	GlobalSection(SolutionProperties) = preSolution
		HideSolutionNode = FALSE
	EndGlobalSection
	GlobalSection(ExtensibilityGlobals) = postSolution
		SolutionGuid = {3F09B5E3-EF08-47C2-B494-E67FBEB7531A}
	EndGlobalSection
EndGlobal
